PODS:
  - Flutter (1.0.0)
  - gesture_recognition (0.0.1):
    - Flutter
  - local_auth (0.0.1):
    - Flutter
  - package_info (0.0.1):
    - Flutter
  - share_extend (0.0.1):
    - Flutter
  - shared_preferences (0.0.1):
    - Flutter
  - url_launcher (0.0.1):
    - Flutter

DEPENDENCIES:
  - Flutter (from `Flutter`)
  - gesture_recognition (from `.symlinks/plugins/gesture_recognition/ios`)
  - local_auth (from `.symlinks/plugins/local_auth/ios`)
  - package_info (from `.symlinks/plugins/package_info/ios`)
  - share_extend (from `.symlinks/plugins/share_extend/ios`)
  - shared_preferences (from `.symlinks/plugins/shared_preferences/ios`)
  - url_launcher (from `.symlinks/plugins/url_launcher/ios`)

EXTERNAL SOURCES:
  Flutter:
    :path: Flutter
  gesture_recognition:
    :path: ".symlinks/plugins/gesture_recognition/ios"
  local_auth:
    :path: ".symlinks/plugins/local_auth/ios"
  package_info:
    :path: ".symlinks/plugins/package_info/ios"
  share_extend:
    :path: ".symlinks/plugins/share_extend/ios"
  shared_preferences:
    :path: ".symlinks/plugins/shared_preferences/ios"
  url_launcher:
    :path: ".symlinks/plugins/url_launcher/ios"

SPEC CHECKSUMS:
  Flutter: 0e3d915762c693b495b44d77113d4970485de6ec
  gesture_recognition: d3941a5afd0223739147402d848d028c028157d0
  local_auth: 25938960984c3a7f6e3253e3f8d962fdd16852bd
  package_info: 48b108e75b8802c2d5e126f208ef540561c98aef
  share_extend: b6748dc53695587891126a89533b862b92548c7b
  shared_preferences: af6bfa751691cdc24be3045c43ec037377ada40d
  url_launcher: a1c0cc845906122c4784c542523d8cacbded5626

PODFILE CHECKSUM: aafe91acc616949ddb318b77800a7f51bffa2a4c

COCOAPODS: 1.8.4
